// !$*UTF8*$!
{
	archiveVersion = 1;
	classes = {
	};
	objectVersion = 48;
	objects = {

/* Begin PBXBuildFile section */
		746EC6471FF495A9004DD3B9 /* BVC.m in Sources */ = {isa = PBXBuildFile; fileRef = 746EC6461FF495A9004DD3B9 /* BVC.m */; };
		749352151FF3941700575DA1 /* AppDelegate.m in Sources */ = {isa = PBXBuildFile; fileRef = 749352141FF3941700575DA1 /* AppDelegate.m */; };
		749352181FF3941700575DA1 /* ViewController.m in Sources */ = {isa = PBXBuildFile; fileRef = 749352171FF3941700575DA1 /* ViewController.m */; };
		7493521B1FF3941700575DA1 /* Main.storyboard in Resources */ = {isa = PBXBuildFile; fileRef = 749352191FF3941700575DA1 /* Main.storyboard */; };
		7493521D1FF3941700575DA1 /* Assets.xcassets in Resources */ = {isa = PBXBuildFile; fileRef = 7493521C1FF3941700575DA1 /* Assets.xcassets */; };
		749352201FF3941700575DA1 /* LaunchScreen.storyboard in Resources */ = {isa = PBXBuildFile; fileRef = 7493521E1FF3941700575DA1 /* LaunchScreen.storyboard */; };
		749352231FF3941700575DA1 /* main.m in Sources */ = {isa = PBXBuildFile; fileRef = 749352221FF3941700575DA1 /* main.m */; };
		7493522D1FF3941700575DA1 /* DemoTests.m in Sources */ = {isa = PBXBuildFile; fileRef = 7493522C1FF3941700575DA1 /* DemoTests.m */; };
		749352381FF3941700575DA1 /* DemoUITests.m in Sources */ = {isa = PBXBuildFile; fileRef = 749352371FF3941700575DA1 /* DemoUITests.m */; };
		749352471FF39BD700575DA1 /* AVC.m in Sources */ = {isa = PBXBuildFile; fileRef = 749352461FF39BD700575DA1 /* AVC.m */; };
/* End PBXBuildFile section */

/* Begin PBXContainerItemProxy section */
		749352291FF3941700575DA1 /* PBXContainerItemProxy */ = {
			isa = PBXContainerItemProxy;
			containerPortal = 749352081FF3941700575DA1 /* Project object */;
			proxyType = 1;
			remoteGlobalIDString = 7493520F1FF3941700575DA1;
			remoteInfo = Demo;
		};
		749352341FF3941700575DA1 /* PBXContainerItemProxy */ = {
			isa = PBXContainerItemProxy;
			containerPortal = 749352081FF3941700575DA1 /* Project object */;
			proxyType = 1;
			remoteGlobalIDString = 7493520F1FF3941700575DA1;
			remoteInfo = Demo;
		};
/* End PBXContainerItemProxy section */

/* Begin PBXFileReference section */
		746EC6451FF495A9004DD3B9 /* BVC.h */ = {isa = PBXFileReference; lastKnownFileType = sourcecode.c.h; path = BVC.h; sourceTree = "<group>"; };
		746EC6461FF495A9004DD3B9 /* BVC.m */ = {isa = PBXFileReference; lastKnownFileType = sourcecode.c.objc; path = BVC.m; sourceTree = "<group>"; };
		749352101FF3941700575DA1 /* Demo.app */ = {isa = PBXFileReference; explicitFileType = wrapper.application; includeInIndex = 0; path = Demo.app; sourceTree = BUILT_PRODUCTS_DIR; };
		749352131FF3941700575DA1 /* AppDelegate.h */ = {isa = PBXFileReference; lastKnownFileType = sourcecode.c.h; path = AppDelegate.h; sourceTree = "<group>"; };
		749352141FF3941700575DA1 /* AppDelegate.m */ = {isa = PBXFileReference; lastKnownFileType = sourcecode.c.objc; path = AppDelegate.m; sourceTree = "<group>"; };
		749352161FF3941700575DA1 /* ViewController.h */ = {isa = PBXFileReference; lastKnownFileType = sourcecode.c.h; path = ViewController.h; sourceTree = "<group>"; };
		749352171FF3941700575DA1 /* ViewController.m */ = {isa = PBXFileReference; lastKnownFileType = sourcecode.c.objc; path = ViewController.m; sourceTree = "<group>"; };
		7493521A1FF3941700575DA1 /* Base */ = {isa = PBXFileReference; lastKnownFileType = file.storyboard; name = Base; path = Base.lproj/Main.storyboard; sourceTree = "<group>"; };
		7493521C1FF3941700575DA1 /* Assets.xcassets */ = {isa = PBXFileReference; lastKnownFileType = folder.assetcatalog; path = Assets.xcassets; sourceTree = "<group>"; };
		7493521F1FF3941700575DA1 /* Base */ = {isa = PBXFileReference; lastKnownFileType = file.storyboard; name = Base; path = Base.lproj/LaunchScreen.storyboard; sourceTree = "<group>"; };
		749352211FF3941700575DA1 /* Info.plist */ = {isa = PBXFileReference; lastKnownFileType = text.plist.xml; path = Info.plist; sourceTree = "<group>"; };
		749352221FF3941700575DA1 /* main.m */ = {isa = PBXFileReference; lastKnownFileType = sourcecode.c.objc; path = main.m; sourceTree = "<group>"; };
		749352281FF3941700575DA1 /* DemoTests.xctest */ = {isa = PBXFileReference; explicitFileType = wrapper.cfbundle; includeInIndex = 0; path = DemoTests.xctest; sourceTree = BUILT_PRODUCTS_DIR; };
		7493522C1FF3941700575DA1 /* DemoTests.m */ = {isa = PBXFileReference; lastKnownFileType = sourcecode.c.objc; path = DemoTests.m; sourceTree = "<group>"; };
		7493522E1FF3941700575DA1 /* Info.plist */ = {isa = PBXFileReference; lastKnownFileType = text.plist.xml; path = Info.plist; sourceTree = "<group>"; };
		749352331FF3941700575DA1 /* DemoUITests.xctest */ = {isa = PBXFileReference; explicitFileType = wrapper.cfbundle; includeInIndex = 0; path = DemoUITests.xctest; sourceTree = BUILT_PRODUCTS_DIR; };
		749352371FF3941700575DA1 /* DemoUITests.m */ = {isa = PBXFileReference; lastKnownFileType = sourcecode.c.objc; path = DemoUITests.m; sourceTree = "<group>"; };
		749352391FF3941700575DA1 /* Info.plist */ = {isa = PBXFileReference; lastKnownFileType = text.plist.xml; path = Info.plist; sourceTree = "<group>"; };
		749352451FF39BD700575DA1 /* AVC.h */ = {isa = PBXFileReference; lastKnownFileType = sourcecode.c.h; path = AVC.h; sourceTree = "<group>"; };
		749352461FF39BD700575DA1 /* AVC.m */ = {isa = PBXFileReference; lastKnownFileType = sourcecode.c.objc; path = AVC.m; sourceTree = "<group>"; };
/* End PBXFileReference section */

/* Begin PBXFrameworksBuildPhase section */
		7493520D1FF3941700575DA1 /* Frameworks */ = {
			isa = PBXFrameworksBuildPhase;
			buildActionMask = 2147483647;
			files = (
			);
			runOnlyForDeploymentPostprocessing = 0;
		};
		749352251FF3941700575DA1 /* Frameworks */ = {
			isa = PBXFrameworksBuildPhase;
			buildActionMask = 2147483647;
			files = (
			);
			runOnlyForDeploymentPostprocessing = 0;
		};
		749352301FF3941700575DA1 /* Frameworks */ = {
			isa = PBXFrameworksBuildPhase;
			buildActionMask = 2147483647;
			files = (
			);
			runOnlyForDeploymentPostprocessing = 0;
		};
/* End PBXFrameworksBuildPhase section */

/* Begin PBXGroup section */
		749352071FF3941700575DA1 = {
			isa = PBXGroup;
			children = (
				749352121FF3941700575DA1 /* Demo */,
				7493522B1FF3941700575DA1 /* DemoTests */,
				749352361FF3941700575DA1 /* DemoUITests */,
				749352111FF3941700575DA1 /* Products */,
			);
			sourceTree = "<group>";
		};
		749352111FF3941700575DA1 /* Products */ = {
			isa = PBXGroup;
			children = (
				749352101FF3941700575DA1 /* Demo.app */,
				749352281FF3941700575DA1 /* DemoTests.xctest */,
				749352331FF3941700575DA1 /* DemoUITests.xctest */,
			);
			name = Products;
			sourceTree = "<group>";
		};
		749352121FF3941700575DA1 /* Demo */ = {
			isa = PBXGroup;
			children = (
				749352131FF3941700575DA1 /* AppDelegate.h */,
				749352141FF3941700575DA1 /* AppDelegate.m */,
				749352161FF3941700575DA1 /* ViewController.h */,
				749352171FF3941700575DA1 /* ViewController.m */,
				749352451FF39BD700575DA1 /* AVC.h */,
				749352461FF39BD700575DA1 /* AVC.m */,
				746EC6451FF495A9004DD3B9 /* BVC.h */,
				746EC6461FF495A9004DD3B9 /* BVC.m */,
				749352191FF3941700575DA1 /* Main.storyboard */,
				7493521C1FF3941700575DA1 /* Assets.xcassets */,
				7493521E1FF3941700575DA1 /* LaunchScreen.storyboard */,
				749352211FF3941700575DA1 /* Info.plist */,
				749352221FF3941700575DA1 /* main.m */,
			);
			path = Demo;
			sourceTree = "<group>";
		};
		7493522B1FF3941700575DA1 /* DemoTests */ = {
			isa = PBXGroup;
			children = (
				7493522C1FF3941700575DA1 /* DemoTests.m */,
				7493522E1FF3941700575DA1 /* Info.plist */,
			);
			path = DemoTests;
			sourceTree = "<group>";
		};
		749352361FF3941700575DA1 /* DemoUITests */ = {
			isa = PBXGroup;
			children = (
				749352371FF3941700575DA1 /* DemoUITests.m */,
				749352391FF3941700575DA1 /* Info.plist */,
			);
			path = DemoUITests;
			sourceTree = "<group>";
		};
/* End PBXGroup section */

/* Begin PBXNativeTarget section */
		7493520F1FF3941700575DA1 /* Demo */ = {
			isa = PBXNativeTarget;
			buildConfigurationList = 7493523C1FF3941700575DA1 /* Build configuration list for PBXNativeTarget "Demo" */;
			buildPhases = (
				7493520C1FF3941700575DA1 /* Sources */,
				7493520D1FF3941700575DA1 /* Frameworks */,
				7493520E1FF3941700575DA1 /* Resources */,
			);
			buildRules = (
			);
			dependencies = (
			);
			name = Demo;
			productName = Demo;
			productReference = 749352101FF3941700575DA1 /* Demo.app */;
			productType = "com.apple.product-type.application";
		};
		749352271FF3941700575DA1 /* DemoTests */ = {
			isa = PBXNativeTarget;
			buildConfigurationList = 7493523F1FF3941700575DA1 /* Build configuration list for PBXNativeTarget "DemoTests" */;
			buildPhases = (
				749352241FF3941700575DA1 /* Sources */,
				749352251FF3941700575DA1 /* Frameworks */,
				749352261FF3941700575DA1 /* Resources */,
			);
			buildRules = (
			);
			dependencies = (
				7493522A1FF3941700575DA1 /* PBXTargetDependency */,
			);
			name = DemoTests;
			productName = DemoTests;
			productReference = 749352281FF3941700575DA1 /* DemoTests.xctest */;
			productType = "com.apple.product-type.bundle.unit-test";
		};
		749352321FF3941700575DA1 /* DemoUITests */ = {
			isa = PBXNativeTarget;
			buildConfigurationList = 749352421FF3941700575DA1 /* Build configuration list for PBXNativeTarget "DemoUITests" */;
			buildPhases = (
				7493522F1FF3941700575DA1 /* Sources */,
				749352301FF3941700575DA1 /* Frameworks */,
				749352311FF3941700575DA1 /* Resources */,
			);
			buildRules = (
			);
			dependencies = (
				749352351FF3941700575DA1 /* PBXTargetDependency */,
			);
			name = DemoUITests;
			productName = DemoUITests;
			productReference = 749352331FF3941700575DA1 /* DemoUITests.xctest */;
			productType = "com.apple.product-type.bundle.ui-testing";
		};
/* End PBXNativeTarget section */

/* Begin PBXProject section */
		749352081FF3941700575DA1 /* Project object */ = {
			isa = PBXProject;
			attributes = {
				LastUpgradeCheck = 0920;
				ORGANIZATIONNAME = etmedia;
				TargetAttributes = {
					7493520F1FF3941700575DA1 = {
						CreatedOnToolsVersion = 9.2;
						ProvisioningStyle = Automatic;
					};
					749352271FF3941700575DA1 = {
						CreatedOnToolsVersion = 9.2;
						ProvisioningStyle = Automatic;
						TestTargetID = 7493520F1FF3941700575DA1;
					};
					749352321FF3941700575DA1 = {
						CreatedOnToolsVersion = 9.2;
						ProvisioningStyle = Automatic;
						TestTargetID = 7493520F1FF3941700575DA1;
					};
				};
			};
			buildConfigurationList = 7493520B1FF3941700575DA1 /* Build configuration list for PBXProject "Demo" */;
			compatibilityVersion = "Xcode 8.0";
			developmentRegion = en;
			hasScannedForEncodings = 0;
			knownRegions = (
				en,
				Base,
			);
			mainGroup = 749352071FF3941700575DA1;
			productRefGroup = 749352111FF3941700575DA1 /* Products */;
			projectDirPath = "";
			projectRoot = "";
			targets = (
				7493520F1FF3941700575DA1 /* Demo */,
				749352271FF3941700575DA1 /* DemoTests */,
				749352321FF3941700575DA1 /* DemoUITests */,
			);
		};
/* End PBXProject section */

/* Begin PBXResourcesBuildPhase section */
		7493520E1FF3941700575DA1 /* Resources */ = {
			isa = PBXResourcesBuildPhase;
			buildActionMask = 2147483647;
			files = (
				749352201FF3941700575DA1 /* LaunchScreen.storyboard in Resources */,
				7493521D1FF3941700575DA1 /* Assets.xcassets in Resources */,
				7493521B1FF3941700575DA1 /* Main.storyboard in Resources */,
			);
			runOnlyForDeploymentPostprocessing = 0;
		};
		749352261FF3941700575DA1 /* Resources */ = {
			isa = PBXResourcesBuildPhase;
			buildActionMask = 2147483647;
			files = (
			);
			runOnlyForDeploymentPostprocessing = 0;
		};
		749352311FF3941700575DA1 /* Resources */ = {
			isa = PBXResourcesBuildPhase;
			buildActionMask = 2147483647;
			files = (
			);
			runOnlyForDeploymentPostprocessing = 0;
		};
/* End PBXResourcesBuildPhase section */

/* Begin PBXSourcesBuildPhase section */
		7493520C1FF3941700575DA1 /* Sources */ = {
			isa = PBXSourcesBuildPhase;
			buildActionMask = 2147483647;
			files = (
				749352181FF3941700575DA1 /* ViewController.m in Sources */,
				749352231FF3941700575DA1 /* main.m in Sources */,
				749352471FF39BD700575DA1 /* AVC.m in Sources */,
				749352151FF3941700575DA1 /* AppDelegate.m in Sources */,
				746EC6471FF495A9004DD3B9 /* BVC.m in Sources */,
			);
			runOnlyForDeploymentPostprocessing = 0;
		};
		749352241FF3941700575DA1 /* Sources */ = {
			isa = PBXSourcesBuildPhase;
			buildActionMask = 2147483647;
			files = (
				7493522D1FF3941700575DA1 /* DemoTests.m in Sources */,
			);
			runOnlyForDeploymentPostprocessing = 0;
		};
		7493522F1FF3941700575DA1 /* Sources */ = {
			isa = PBXSourcesBuildPhase;
			buildActionMask = 2147483647;
			files = (
				749352381FF3941700575DA1 /* DemoUITests.m in Sources */,
			);
			runOnlyForDeploymentPostprocessing = 0;
		};
/* End PBXSourcesBuildPhase section */

/* Begin PBXTargetDependency section */
		7493522A1FF3941700575DA1 /* PBXTargetDependency */ = {
			isa = PBXTargetDependency;
			target = 7493520F1FF3941700575DA1 /* Demo */;
			targetProxy = 749352291FF3941700575DA1 /* PBXContainerItemProxy */;
		};
		749352351FF3941700575DA1 /* PBXTargetDependency */ = {
			isa = PBXTargetDependency;
			target = 7493520F1FF3941700575DA1 /* Demo */;
			targetProxy = 749352341FF3941700575DA1 /* PBXContainerItemProxy */;
		};
/* End PBXTargetDependency section */

/* Begin PBXVariantGroup section */
		749352191FF3941700575DA1 /* Main.storyboard */ = {
			isa = PBXVariantGroup;
			children = (
				7493521A1FF3941700575DA1 /* Base */,
			);
			name = Main.storyboard;
			sourceTree = "<group>";
		};
		7493521E1FF3941700575DA1 /* LaunchScreen.storyboard */ = {
			isa = PBXVariantGroup;
			children = (
				7493521F1FF3941700575DA1 /* Base */,
			);
			name = LaunchScreen.storyboard;
			sourceTree = "<group>";
		};
/* End PBXVariantGroup section */

/* Begin XCBuildConfiguration section */
		7493523A1FF3941700575DA1 /* Debug */ = {
			isa = XCBuildConfiguration;
			buildSettings = {
				ALWAYS_SEARCH_USER_PATHS = NO;
				CLANG_ANALYZER_NONNULL = YES;
				CLANG_ANALYZER_NUMBER_OBJECT_CONVERSION = YES_AGGRESSIVE;
				CLANG_CXX_LANGUAGE_STANDARD = "gnu++14";
				CLANG_CXX_LIBRARY = "libc++";
				CLANG_ENABLE_MODULES = YES;
				CLANG_ENABLE_OBJC_ARC = YES;
				CLANG_WARN_BLOCK_CAPTURE_AUTORELEASING = YES;
				CLANG_WARN_BOOL_CONVERSION = YES;
				CLANG_WARN_COMMA = YES;
				CLANG_WARN_CONSTANT_CONVERSION = YES;
				CLANG_WARN_DIRECT_OBJC_ISA_USAGE = YES_ERROR;
				CLANG_WARN_DOCUMENTATION_COMMENTS = YES;
				CLANG_WARN_EMPTY_BODY = YES;
				CLANG_WARN_ENUM_CONVERSION = YES;
				CLANG_WARN_INFINITE_RECURSION = YES;
				CLANG_WARN_INT_CONVERSION = YES;
				CLANG_WARN_NON_LITERAL_NULL_CONVERSION = YES;
				CLANG_WARN_OBJC_LITERAL_CONVERSION = YES;
				CLANG_WARN_OBJC_ROOT_CLASS = YES_ERROR;
				CLANG_WARN_RANGE_LOOP_ANALYSIS = YES;
				CLANG_WARN_STRICT_PROTOTYPES = YES;
				CLANG_WARN_SUSPICIOUS_MOVE = YES;
				CLANG_WARN_UNGUARDED_AVAILABILITY = YES_AGGRESSIVE;
				CLANG_WARN_UNREACHABLE_CODE = YES;
				CLANG_WARN__DUPLICATE_METHOD_MATCH = YES;
				CODE_SIGN_IDENTITY = "iPhone Developer";
				COPY_PHASE_STRIP = NO;
				DEBUG_INFORMATION_FORMAT = dwarf;
				ENABLE_STRICT_OBJC_MSGSEND = YES;
				ENABLE_TESTABILITY = YES;
				GCC_C_LANGUAGE_STANDARD = gnu11;
				GCC_DYNAMIC_NO_PIC = NO;
				GCC_NO_COMMON_BLOCKS = YES;
				GCC_OPTIMIZATION_LEVEL = 0;
				GCC_PREPROCESSOR_DEFINITIONS = (
					"DEBUG=1",
					"$(inherited)",
				);
				GCC_WARN_64_TO_32_BIT_CONVERSION = YES;
				GCC_WARN_ABOUT_RETURN_TYPE = YES_ERROR;
				GCC_WARN_UNDECLARED_SELECTOR = YES;
				GCC_WARN_UNINITIALIZED_AUTOS = YES_AGGRESSIVE;
				GCC_WARN_UNUSED_FUNCTION = YES;
				GCC_WARN_UNUSED_VARIABLE = YES;
				IPHONEOS_DEPLOYMENT_TARGET = 11.2;
				MTL_ENABLE_DEBUG_INFO = YES;
				ONLY_ACTIVE_ARCH = YES;
				SDKROOT = iphoneos;
			};
			name = Debug;
		};
		7493523B1FF3941700575DA1 /* Release */ = {
			isa = XCBuildConfiguration;
			buildSettings = {
				ALWAYS_SEARCH_USER_PATHS = NO;
				CLANG_ANALYZER_NONNULL = YES;
				CLANG_ANALYZER_NUMBER_OBJECT_CONVERSION = YES_AGGRESSIVE;
				CLANG_CXX_LANGUAGE_STANDARD = "gnu++14";
				CLANG_CXX_LIBRARY = "libc++";
				CLANG_ENABLE_MODULES = YES;
				CLANG_ENABLE_OBJC_ARC = YES;
				CLANG_WARN_BLOCK_CAPTURE_AUTORELEASING = YES;
				CLANG_WARN_BOOL_CONVERSION = YES;
				CLANG_WARN_COMMA = YES;
				CLANG_WARN_CONSTANT_CONVERSION = YES;
				CLANG_WARN_DIRECT_OBJC_ISA_USAGE = YES_ERROR;
				CLANG_WARN_DOCUMENTATION_COMMENTS = YES;
				CLANG_WARN_EMPTY_BODY = YES;
				CLANG_WARN_ENUM_CONVERSION = YES;
				CLANG_WARN_INFINITE_RECURSION = YES;
				CLANG_WARN_INT_CONVERSION = YES;
				CLANG_WARN_NON_LITERAL_NULL_CONVERSION = YES;
				CLANG_WARN_OBJC_LITERAL_CONVERSION = YES;
				CLANG_WARN_OBJC_ROOT_CLASS = YES_ERROR;
				CLANG_WARN_RANGE_LOOP_ANALYSIS = YES;
				CLANG_WARN_STRICT_PROTOTYPES = YES;
				CLANG_WARN_SUSPICIOUS_MOVE = YES;
				CLANG_WARN_UNGUARDED_AVAILABILITY = YES_AGGRESSIVE;
				CLANG_WARN_UNREACHABLE_CODE = YES;
				CLANG_WARN__DUPLICATE_METHOD_MATCH = YES;
				CODE_SIGN_IDENTITY = "iPhone Developer";
				COPY_PHASE_STRIP = NO;
				DEBUG_INFORMATION_FORMAT = "dwarf-with-dsym";
				ENABLE_NS_ASSERTIONS = NO;
				ENABLE_STRICT_OBJC_MSGSEND = YES;
				GCC_C_LANGUAGE_STANDARD = gnu11;
				GCC_NO_COMMON_BLOCKS = YES;
				GCC_WARN_64_TO_32_BIT_CONVERSION = YES;
				GCC_WARN_ABOUT_RETURN_TYPE = YES_ERROR;
				GCC_WARN_UNDECLARED_SELECTOR = YES;
				GCC_WARN_UNINITIALIZED_AUTOS = YES_AGGRESSIVE;
				GCC_WARN_UNUSED_FUNCTION = YES;
				GCC_WARN_UNUSED_VARIABLE = YES;
				IPHONEOS_DEPLOYMENT_TARGET = 11.2;
				MTL_ENABLE_DEBUG_INFO = NO;
				SDKROOT = iphoneos;
				VALIDATE_PRODUCT = YES;
			};
			name = Release;
		};
		7493523D1FF3941700575DA1 /* Debug */ = {
			isa = XCBuildConfiguration;
			buildSettings = {
				ASSETCATALOG_COMPILER_APPICON_NAME = AppIcon;
				CODE_SIGN_STYLE = Automatic;
				DEVELOPMENT_TEAM = 2HS7TJFUVE;
				INFOPLIST_FILE = Demo/Info.plist;
				LD_RUNPATH_SEARCH_PATHS = "$(inherited) @executable_path/Frameworks";
				PRODUCT_BUNDLE_IDENTIFIER = "com.-etmedia.Demo";
				PRODUCT_NAME = "$(TARGET_NAME)";
				TARGETED_DEVICE_FAMILY = "1,2";
			};
			name = Debug;
		};
		7493523E1FF3941700575DA1 /* Release */ = {
			isa = XCBuildConfiguration;
			buildSettings = {
				ASSETCATALOG_COMPILER_APPICON_NAME = AppIcon;
				CODE_SIGN_STYLE = Automatic;
				DEVELOPMENT_TEAM = 2HS7TJFUVE;
				INFOPLIST_FILE = Demo/Info.plist;
				LD_RUNPATH_SEARCH_PATHS = "$(inherited) @executable_path/Frameworks";
				PRODUCT_BUNDLE_IDENTIFIER = "com.-etmedia.Demo";
				PRODUCT_NAME = "$(TARGET_NAME)";
				TARGETED_DEVICE_FAMILY = "1,2";
			};
			name = Release;
		};
		749352401FF3941700575DA1 /* Debug */ = {
			isa = XCBuildConfiguration;
			buildSettings = {
				BUNDLE_LOADER = "$(TEST_HOST)";
				CODE_SIGN_STYLE = Automatic;
				DEVELOPMENT_TEAM = 2HS7TJFUVE;
				INFOPLIST_FILE = DemoTests/Info.plist;
				LD_RUNPATH_SEARCH_PATHS = "$(inherited) @executable_path/Frameworks @loader_path/Frameworks";
				PRODUCT_BUNDLE_IDENTIFIER = "com.-etmedia.DemoTests";
				PRODUCT_NAME = "$(TARGET_NAME)";
				TARGETED_DEVICE_FAMILY = "1,2";
				TEST_HOST = "$(BUILT_PRODUCTS_DIR)/Demo.app/Demo";
			};
			name = Debug;
		};
		749352411FF3941700575DA1 /* Release */ = {
			isa = XCBuildConfiguration;
			buildSettings = {
				BUNDLE_LOADER = "$(TEST_HOST)";
				CODE_SIGN_STYLE = Automatic;
				DEVELOPMENT_TEAM = 2HS7TJFUVE;
				INFOPLIST_FILE = DemoTests/Info.plist;
				LD_RUNPATH_SEARCH_PATHS = "$(inherited) @executable_path/Frameworks @loader_path/Frameworks";
				PRODUCT_BUNDLE_IDENTIFIER = "com.-etmedia.DemoTests";
				PRODUCT_NAME = "$(TARGET_NAME)";
				TARGETED_DEVICE_FAMILY = "1,2";
				TEST_HOST = "$(BUILT_PRODUCTS_DIR)/Demo.app/Demo";
			};
			name = Release;
		};
		749352431FF3941700575DA1 /* Debug */ = {
			isa = XCBuildConfiguration;
			buildSettings = {
				CODE_SIGN_STYLE = Automatic;
				DEVELOPMENT_TEAM = 2HS7TJFUVE;
				INFOPLIST_FILE = DemoUITests/Info.plist;
				LD_RUNPATH_SEARCH_PATHS = "$(inherited) @executable_path/Frameworks @loader_path/Frameworks";
				PRODUCT_BUNDLE_IDENTIFIER = "com.-etmedia.DemoUITests";
				PRODUCT_NAME = "$(TARGET_NAME)";
				TARGETED_DEVICE_FAMILY = "1,2";
				TEST_TARGET_NAME = Demo;
			};
			name = Debug;
		};
		749352441FF3941700575DA1 /* Release */ = {
			isa = XCBuildConfiguration;
			buildSettings = {
				CODE_SIGN_STYLE = Automatic;
				DEVELOPMENT_TEAM = 2HS7TJFUVE;
				INFOPLIST_FILE = DemoUITests/Info.plist;
				LD_RUNPATH_SEARCH_PATHS = "$(inherited) @executable_path/Frameworks @loader_path/Frameworks";
				PRODUCT_BUNDLE_IDENTIFIER = "com.-etmedia.DemoUITests";
				PRODUCT_NAME = "$(TARGET_NAME)";
				TARGETED_DEVICE_FAMILY = "1,2";
				TEST_TARGET_NAME = Demo;
			};
			name = Release;
		};
/* End XCBuildConfiguration section */

/* Begin XCConfigurationList section */
		7493520B1FF3941700575DA1 /* Build configuration list for PBXProject "Demo" */ = {
			isa = XCConfigurationList;
			buildConfigurations = (
				7493523A1FF3941700575DA1 /* Debug */,
				7493523B1FF3941700575DA1 /* Release */,
			);
			defaultConfigurationIsVisible = 0;
			defaultConfigurationName = Release;
		};
		7493523C1FF3941700575DA1 /* Build configuration list for PBXNativeTarget "Demo" */ = {
			isa = XCConfigurationList;
			buildConfigurations = (
				7493523D1FF3941700575DA1 /* Debug */,
				7493523E1FF3941700575DA1 /* Release */,
			);
			defaultConfigurationIsVisible = 0;
			defaultConfigurationName = Release;
		};
		7493523F1FF3941700575DA1 /* Build configuration list for PBXNativeTarget "DemoTests" */ = {
			isa = XCConfigurationList;
			buildConfigurations = (
				749352401FF3941700575DA1 /* Debug */,
				749352411FF3941700575DA1 /* Release */,
			);
			defaultConfigurationIsVisible = 0;
			defaultConfigurationName = Release;
		};
		749352421FF3941700575DA1 /* Build configuration list for PBXNativeTarget "DemoUITests" */ = {
			isa = XCConfigurationList;
			buildConfigurations = (
				749352431FF3941700575DA1 /* Debug */,
				749352441FF3941700575DA1 /* Release */,
			);
			defaultConfigurationIsVisible = 0;
			defaultConfigurationName = Release;
		};
/* End XCConfigurationList section */
	};
	rootObject = 749352081FF3941700575DA1 /* Project object */;
}
